
Microsoft Visual Studio Solution File, Format Version 12.00
# Visual Studio Version 16
VisualStudioVersion = 16.0.31729.503
MinimumVisualStudioVersion = 10.0.40219.1
Project("{FAE04EC0-301F-11D3-BF4B-00C04F79EFBC}") = "Project_Modiriat_Daneshgah_TeamKhodemon", "Project_Modiriat_Daneshgah_TeamKhodemon\Project_Modiriat_Daneshgah_TeamKhodemon.csproj", "{5F246CD8-DF1E-455B-9F9E-3C3FEBD3AB30}"
EndProject
Global
	GlobalSection(SolutionConfigurationPlatforms) = preSolution
		Debug|Any CPU = Debug|Any CPU
		Release|Any CPU = Release|Any CPU
	EndGlobalSection
	GlobalSection(ProjectConfigurationPlatforms) = postSolution
		{5F246CD8-DF1E-455B-9F9E-3C3FEBD3AB30}.Debug|Any CPU.ActiveCfg = Debug|Any CPU
		{5F246CD8-DF1E-455B-9F9E-3C3FEBD3AB30}.Debug|Any CPU.Build.0 = Debug|Any CPU
		{5F246CD8-DF1E-455B-9F9E-3C3FEBD3AB30}.Release|Any CPU.ActiveCfg = Release|Any CPU
		{5F246CD8-DF1E-455B-9F9E-3C3FEBD3AB30}.Release|Any CPU.Build.0 = Release|Any CPU
	EndGlobalSection
	GlobalSection(SolutionProperties) = preSolution
		HideSolutionNode = FALSE
	EndGlobalSection
	GlobalSection(ExtensibilityGlobals) = postSolution
		SolutionGuid = {F2A94C18-36EF-49B9-8483-CF76C38D0AE8}
	EndGlobalSection
EndGlobal
